// !$*UTF8*$!
{
	archiveVersion = 1;
	classes = {
	};
	objectVersion = 51;
	objects = {

/* Begin PBXBuildFile section */
		A932C0B5252CA23D006F2960 /* UIColors+Extensions.swift in Sources */ = {isa = PBXBuildFile; fileRef = A932C0B4252CA23C006F2960 /* UIColors+Extensions.swift */; };
		A932C0C2252CCD39006F2960 /* SourcesViewInput.swift in Sources */ = {isa = PBXBuildFile; fileRef = A932C0C1252CCD39006F2960 /* SourcesViewInput.swift */; };
		A932C0C6252CCD43006F2960 /* SourcesViewController.swift in Sources */ = {isa = PBXBuildFile; fileRef = A932C0C5252CCD43006F2960 /* SourcesViewController.swift */; };
		A932C0C9252CCD5B006F2960 /* SourcesTableViewManager.swift in Sources */ = {isa = PBXBuildFile; fileRef = A932C0C8252CCD5B006F2960 /* SourcesTableViewManager.swift */; };
		A932C0CC252CCE01006F2960 /* SourcesModel.swift in Sources */ = {isa = PBXBuildFile; fileRef = A932C0CB252CCE01006F2960 /* SourcesModel.swift */; };
		A932C0CF252CD61E006F2960 /* SourcesPresenterProtocols.swift in Sources */ = {isa = PBXBuildFile; fileRef = A932C0CE252CD61E006F2960 /* SourcesPresenterProtocols.swift */; };
		A932C0D2252CD727006F2960 /* SourcesPresenter.swift in Sources */ = {isa = PBXBuildFile; fileRef = A932C0D1252CD727006F2960 /* SourcesPresenter.swift */; };
		A932C0D5252CD7C3006F2960 /* SourcesInteractorInput.swift in Sources */ = {isa = PBXBuildFile; fileRef = A932C0D4252CD7C3006F2960 /* SourcesInteractorInput.swift */; };
		A932C0D8252CD7F7006F2960 /* SourcesInteractor.swift in Sources */ = {isa = PBXBuildFile; fileRef = A932C0D7252CD7F7006F2960 /* SourcesInteractor.swift */; };
		A932C0DF252CD94C006F2960 /* SourcesRouter.swift in Sources */ = {isa = PBXBuildFile; fileRef = A932C0DE252CD94C006F2960 /* SourcesRouter.swift */; };
		A932C0E2252CD970006F2960 /* SourcesAssembly.swift in Sources */ = {isa = PBXBuildFile; fileRef = A932C0E1252CD970006F2960 /* SourcesAssembly.swift */; };
		A932C0E5252CDC07006F2960 /* SourcesTableViewCell.swift in Sources */ = {isa = PBXBuildFile; fileRef = A932C0E4252CDC07006F2960 /* SourcesTableViewCell.swift */; };
		A932C0E8252CE7E4006F2960 /* UITableViewCell+Extensions.swift in Sources */ = {isa = PBXBuildFile; fileRef = A932C0E7252CE7E4006F2960 /* UITableViewCell+Extensions.swift */; };
		A932C0F2252CEDFD006F2960 /* SearchViewInput.swift in Sources */ = {isa = PBXBuildFile; fileRef = A932C0F1252CEDFD006F2960 /* SearchViewInput.swift */; };
		A932C0F6252CEE19006F2960 /* SearchViewController.swift in Sources */ = {isa = PBXBuildFile; fileRef = A932C0F5252CEE19006F2960 /* SearchViewController.swift */; };
		A932C0F9252CEE35006F2960 /* SearchCollectionViewManager.swift in Sources */ = {isa = PBXBuildFile; fileRef = A932C0F8252CEE35006F2960 /* SearchCollectionViewManager.swift */; };
		A932C0FD252CEE62006F2960 /* SearchPresenterProtocols.swift in Sources */ = {isa = PBXBuildFile; fileRef = A932C0FC252CEE62006F2960 /* SearchPresenterProtocols.swift */; };
		A932C100252CEED3006F2960 /* SearchInteractorInput.swift in Sources */ = {isa = PBXBuildFile; fileRef = A932C0FF252CEED3006F2960 /* SearchInteractorInput.swift */; };
		A932C104252CEEEF006F2960 /* SearchInteractor.swift in Sources */ = {isa = PBXBuildFile; fileRef = A932C103252CEEEF006F2960 /* SearchInteractor.swift */; };
		A932C108252CEF42006F2960 /* SearchAssembly.swift in Sources */ = {isa = PBXBuildFile; fileRef = A932C107252CEF42006F2960 /* SearchAssembly.swift */; };
		A932C10B252CEF4C006F2960 /* SearchRouter.swift in Sources */ = {isa = PBXBuildFile; fileRef = A932C10A252CEF4C006F2960 /* SearchRouter.swift */; };
		A932C10F252CEFEA006F2960 /* SearchPresenter.swift in Sources */ = {isa = PBXBuildFile; fileRef = A932C10E252CEFEA006F2960 /* SearchPresenter.swift */; };
		A932C112252CF69F006F2960 /* SearchBarManager.swift in Sources */ = {isa = PBXBuildFile; fileRef = A932C111252CF69F006F2960 /* SearchBarManager.swift */; };
		A932C115252CFCB7006F2960 /* SearchCollectionViewCell.swift in Sources */ = {isa = PBXBuildFile; fileRef = A932C114252CFCB7006F2960 /* SearchCollectionViewCell.swift */; };
		B2173BA8252B7864000FA911 /* AppDelegate.swift in Sources */ = {isa = PBXBuildFile; fileRef = B2173BA7252B7864000FA911 /* AppDelegate.swift */; };
		B2173BAA252B7864000FA911 /* SceneDelegate.swift in Sources */ = {isa = PBXBuildFile; fileRef = B2173BA9252B7864000FA911 /* SceneDelegate.swift */; };
		B2173BB1252B7866000FA911 /* Assets.xcassets in Resources */ = {isa = PBXBuildFile; fileRef = B2173BB0252B7866000FA911 /* Assets.xcassets */; };
		B2173BB4252B7866000FA911 /* LaunchScreen.storyboard in Resources */ = {isa = PBXBuildFile; fileRef = B2173BB2252B7866000FA911 /* LaunchScreen.storyboard */; };
		B2173BC3252B7E91000FA911 /* EB_Garamond in Resources */ = {isa = PBXBuildFile; fileRef = B2173BC2252B7E91000FA911 /* EB_Garamond */; };
		B2173BC7252B7FDE000FA911 /* UIFonts+Extensions.swift in Sources */ = {isa = PBXBuildFile; fileRef = B2173BC6252B7FDE000FA911 /* UIFonts+Extensions.swift */; };
		B2173BCB252B8F14000FA911 /* AppInteractor.swift in Sources */ = {isa = PBXBuildFile; fileRef = B2173BCA252B8F14000FA911 /* AppInteractor.swift */; };
		B2173BCE252B8FE0000FA911 /* AppCoordinator.swift in Sources */ = {isa = PBXBuildFile; fileRef = B2173BCD252B8FE0000FA911 /* AppCoordinator.swift */; };
		B2173BDD252B919A000FA911 /* DiscoverViewInput.swift in Sources */ = {isa = PBXBuildFile; fileRef = B2173BDC252B919A000FA911 /* DiscoverViewInput.swift */; };
		B2173BE1252B91AC000FA911 /* DiscoverViewController.swift in Sources */ = {isa = PBXBuildFile; fileRef = B2173BE0252B91AC000FA911 /* DiscoverViewController.swift */; };
		B2173BE4252B91BE000FA911 /* DiscoverCollectionViewManager.swift in Sources */ = {isa = PBXBuildFile; fileRef = B2173BE3252B91BE000FA911 /* DiscoverCollectionViewManager.swift */; };
		B2173BE7252B91E4000FA911 /* DiscoverPresenterProtocols.swift in Sources */ = {isa = PBXBuildFile; fileRef = B2173BE6252B91E4000FA911 /* DiscoverPresenterProtocols.swift */; };
		B2173BEA252B9278000FA911 /* DiscoverPresenter.swift in Sources */ = {isa = PBXBuildFile; fileRef = B2173BE9252B9278000FA911 /* DiscoverPresenter.swift */; };
		B2173BED252B92D0000FA911 /* DiscoverInteractorInput.swift in Sources */ = {isa = PBXBuildFile; fileRef = B2173BEC252B92D0000FA911 /* DiscoverInteractorInput.swift */; };
		B2173BF0252B92DF000FA911 /* DiscoverInteractor.swift in Sources */ = {isa = PBXBuildFile; fileRef = B2173BEF252B92DF000FA911 /* DiscoverInteractor.swift */; };
		B2173BF3252B92EF000FA911 /* DiscoverRouter.swift in Sources */ = {isa = PBXBuildFile; fileRef = B2173BF2252B92EF000FA911 /* DiscoverRouter.swift */; };
		B2173BF6252B9308000FA911 /* DiscoverAssembly.swift in Sources */ = {isa = PBXBuildFile; fileRef = B2173BF5252B9308000FA911 /* DiscoverAssembly.swift */; };
		B2173BF9252B9A97000FA911 /* UIImages+Extensions.swift in Sources */ = {isa = PBXBuildFile; fileRef = B2173BF8252B9A97000FA911 /* UIImages+Extensions.swift */; };
		B2173BFC252B9ED3000FA911 /* UIViewController+Extensions.swift in Sources */ = {isa = PBXBuildFile; fileRef = B2173BFB252B9ED3000FA911 /* UIViewController+Extensions.swift */; };
		B2173C00252BA06A000FA911 /* BaseViewController.swift in Sources */ = {isa = PBXBuildFile; fileRef = B2173BFF252BA06A000FA911 /* BaseViewController.swift */; };
		B2173C0F252BA81D000FA911 /* NetworkService.swift in Sources */ = {isa = PBXBuildFile; fileRef = B2173C0E252BA81D000FA911 /* NetworkService.swift */; };
		B2173C12252BA8B2000FA911 /* ArticleEndPoints.swift in Sources */ = {isa = PBXBuildFile; fileRef = B2173C11252BA8B2000FA911 /* ArticleEndPoints.swift */; };
		B2173C15252BA8EA000FA911 /* EndPointProtocol.swift in Sources */ = {isa = PBXBuildFile; fileRef = B2173C14252BA8EA000FA911 /* EndPointProtocol.swift */; };
		B2173C26252BBC67000FA911 /* EBGaramond-Bold.ttf in Resources */ = {isa = PBXBuildFile; fileRef = B2173C25252BBC60000FA911 /* EBGaramond-Bold.ttf */; };
		B2173C28252BBC6C000FA911 /* EBGaramond-BoldItalic.ttf in Resources */ = {isa = PBXBuildFile; fileRef = B2173C1E252BBC60000FA911 /* EBGaramond-BoldItalic.ttf */; };
		B2173C2A252BBC6F000FA911 /* EBGaramond-ExtraBold.ttf in Resources */ = {isa = PBXBuildFile; fileRef = B2173C1C252BBC5F000FA911 /* EBGaramond-ExtraBold.ttf */; };
		B2173C2C252BBC73000FA911 /* EBGaramond-ExtraBoldItalic.ttf in Resources */ = {isa = PBXBuildFile; fileRef = B2173C23252BBC60000FA911 /* EBGaramond-ExtraBoldItalic.ttf */; };
		B2173C2E252BBC76000FA911 /* EBGaramond-Italic-VariableFont_wght.ttf in Resources */ = {isa = PBXBuildFile; fileRef = B2173C1D252BBC60000FA911 /* EBGaramond-Italic-VariableFont_wght.ttf */; };
		B2173C30252BBC7A000FA911 /* EBGaramond-Italic.ttf in Resources */ = {isa = PBXBuildFile; fileRef = B2173C24252BBC60000FA911 /* EBGaramond-Italic.ttf */; };
		B2173C32252BBC7D000FA911 /* EBGaramond-Medium.ttf in Resources */ = {isa = PBXBuildFile; fileRef = B2173C1F252BBC60000FA911 /* EBGaramond-Medium.ttf */; };
		B2173C34252BBC80000FA911 /* EBGaramond-MediumItalic.ttf in Resources */ = {isa = PBXBuildFile; fileRef = B2173C21252BBC60000FA911 /* EBGaramond-MediumItalic.ttf */; };
		B2173C36252BBC83000FA911 /* EBGaramond-Regular.ttf in Resources */ = {isa = PBXBuildFile; fileRef = B2173C22252BBC60000FA911 /* EBGaramond-Regular.ttf */; };
		B2173C38252BBC86000FA911 /* EBGaramond-SemiBold.ttf in Resources */ = {isa = PBXBuildFile; fileRef = B2173C1A252BBC5F000FA911 /* EBGaramond-SemiBold.ttf */; };
		B2173C3A252BBC8A000FA911 /* EBGaramond-SemiBoldItalic.ttf in Resources */ = {isa = PBXBuildFile; fileRef = B2173C20252BBC60000FA911 /* EBGaramond-SemiBoldItalic.ttf */; };
		B2173C3C252BBC8D000FA911 /* EBGaramond-VariableFont_wght.ttf in Resources */ = {isa = PBXBuildFile; fileRef = B2173C1B252BBC5F000FA911 /* EBGaramond-VariableFont_wght.ttf */; };
		B2173C3F252BBD8C000FA911 /* Constants.swift in Sources */ = {isa = PBXBuildFile; fileRef = B2173C3E252BBD8C000FA911 /* Constants.swift */; };
		B2173C44252BC361000FA911 /* TopHeadlinesCollectionViewCell.swift in Sources */ = {isa = PBXBuildFile; fileRef = B2173C43252BC361000FA911 /* TopHeadlinesCollectionViewCell.swift */; };
		B2173C48252BC505000FA911 /* ArticlesModel.swift in Sources */ = {isa = PBXBuildFile; fileRef = B2173C47252BC505000FA911 /* ArticlesModel.swift */; };
		B2173C4B252BCE2A000FA911 /* UICollectionViewCell+Extensions.swift in Sources */ = {isa = PBXBuildFile; fileRef = B2173C4A252BCE2A000FA911 /* UICollectionViewCell+Extensions.swift */; };
		FEC196E875ECBCD449BB6AF0 /* Pods_Newsly.framework in Frameworks */ = {isa = PBXBuildFile; fileRef = FADC0EEFE8129236896A1F5D /* Pods_Newsly.framework */; };
/* End PBXBuildFile section */

/* Begin PBXFileReference section */
		0048BEBD93DEE84F8860E2A2 /* Pods-Newsly.release.xcconfig */ = {isa = PBXFileReference; includeInIndex = 1; lastKnownFileType = text.xcconfig; name = "Pods-Newsly.release.xcconfig"; path = "Target Support Files/Pods-Newsly/Pods-Newsly.release.xcconfig"; sourceTree = "<group>"; };
		3BA642893EBF286A5CE43FB7 /* Pods-Newsly.debug.xcconfig */ = {isa = PBXFileReference; includeInIndex = 1; lastKnownFileType = text.xcconfig; name = "Pods-Newsly.debug.xcconfig"; path = "Target Support Files/Pods-Newsly/Pods-Newsly.debug.xcconfig"; sourceTree = "<group>"; };
		A932C0B4252CA23C006F2960 /* UIColors+Extensions.swift */ = {isa = PBXFileReference; lastKnownFileType = sourcecode.swift; path = "UIColors+Extensions.swift"; sourceTree = "<group>"; };
		A932C0C1252CCD39006F2960 /* SourcesViewInput.swift */ = {isa = PBXFileReference; lastKnownFileType = sourcecode.swift; path = SourcesViewInput.swift; sourceTree = "<group>"; };
		A932C0C5252CCD43006F2960 /* SourcesViewController.swift */ = {isa = PBXFileReference; lastKnownFileType = sourcecode.swift; path = SourcesViewController.swift; sourceTree = "<group>"; };
		A932C0C8252CCD5B006F2960 /* SourcesTableViewManager.swift */ = {isa = PBXFileReference; lastKnownFileType = sourcecode.swift; path = SourcesTableViewManager.swift; sourceTree = "<group>"; };
		A932C0CB252CCE01006F2960 /* SourcesModel.swift */ = {isa = PBXFileReference; lastKnownFileType = sourcecode.swift; path = SourcesModel.swift; sourceTree = "<group>"; };
		A932C0CE252CD61E006F2960 /* SourcesPresenterProtocols.swift */ = {isa = PBXFileReference; lastKnownFileType = sourcecode.swift; path = SourcesPresenterProtocols.swift; sourceTree = "<group>"; };
		A932C0D1252CD727006F2960 /* SourcesPresenter.swift */ = {isa = PBXFileReference; lastKnownFileType = sourcecode.swift; path = SourcesPresenter.swift; sourceTree = "<group>"; };
		A932C0D4252CD7C3006F2960 /* SourcesInteractorInput.swift */ = {isa = PBXFileReference; lastKnownFileType = sourcecode.swift; path = SourcesInteractorInput.swift; sourceTree = "<group>"; };
		A932C0D7252CD7F7006F2960 /* SourcesInteractor.swift */ = {isa = PBXFileReference; lastKnownFileType = sourcecode.swift; path = SourcesInteractor.swift; sourceTree = "<group>"; };
		A932C0DE252CD94C006F2960 /* SourcesRouter.swift */ = {isa = PBXFileReference; lastKnownFileType = sourcecode.swift; path = SourcesRouter.swift; sourceTree = "<group>"; };
		A932C0E1252CD970006F2960 /* SourcesAssembly.swift */ = {isa = PBXFileReference; lastKnownFileType = sourcecode.swift; path = SourcesAssembly.swift; sourceTree = "<group>"; };
		A932C0E4252CDC07006F2960 /* SourcesTableViewCell.swift */ = {isa = PBXFileReference; lastKnownFileType = sourcecode.swift; path = SourcesTableViewCell.swift; sourceTree = "<group>"; };
		A932C0E7252CE7E4006F2960 /* UITableViewCell+Extensions.swift */ = {isa = PBXFileReference; lastKnownFileType = sourcecode.swift; path = "UITableViewCell+Extensions.swift"; sourceTree = "<group>"; };
		A932C0F1252CEDFD006F2960 /* SearchViewInput.swift */ = {isa = PBXFileReference; lastKnownFileType = sourcecode.swift; path = SearchViewInput.swift; sourceTree = "<group>"; };
		A932C0F5252CEE19006F2960 /* SearchViewController.swift */ = {isa = PBXFileReference; lastKnownFileType = sourcecode.swift; path = SearchViewController.swift; sourceTree = "<group>"; };
		A932C0F8252CEE35006F2960 /* SearchCollectionViewManager.swift */ = {isa = PBXFileReference; lastKnownFileType = sourcecode.swift; path = SearchCollectionViewManager.swift; sourceTree = "<group>"; };
		A932C0FC252CEE62006F2960 /* SearchPresenterProtocols.swift */ = {isa = PBXFileReference; lastKnownFileType = sourcecode.swift; path = SearchPresenterProtocols.swift; sourceTree = "<group>"; };
		A932C0FF252CEED3006F2960 /* SearchInteractorInput.swift */ = {isa = PBXFileReference; lastKnownFileType = sourcecode.swift; path = SearchInteractorInput.swift; sourceTree = "<group>"; };
		A932C103252CEEEF006F2960 /* SearchInteractor.swift */ = {isa = PBXFileReference; lastKnownFileType = sourcecode.swift; path = SearchInteractor.swift; sourceTree = "<group>"; };
		A932C107252CEF42006F2960 /* SearchAssembly.swift */ = {isa = PBXFileReference; lastKnownFileType = sourcecode.swift; path = SearchAssembly.swift; sourceTree = "<group>"; };
		A932C10A252CEF4C006F2960 /* SearchRouter.swift */ = {isa = PBXFileReference; lastKnownFileType = sourcecode.swift; path = SearchRouter.swift; sourceTree = "<group>"; };
		A932C10E252CEFEA006F2960 /* SearchPresenter.swift */ = {isa = PBXFileReference; lastKnownFileType = sourcecode.swift; path = SearchPresenter.swift; sourceTree = "<group>"; };
		A932C111252CF69F006F2960 /* SearchBarManager.swift */ = {isa = PBXFileReference; lastKnownFileType = sourcecode.swift; path = SearchBarManager.swift; sourceTree = "<group>"; };
		A932C114252CFCB7006F2960 /* SearchCollectionViewCell.swift */ = {isa = PBXFileReference; lastKnownFileType = sourcecode.swift; path = SearchCollectionViewCell.swift; sourceTree = "<group>"; };
		B2173BA4252B7864000FA911 /* Newsly.app */ = {isa = PBXFileReference; explicitFileType = wrapper.application; includeInIndex = 0; path = Newsly.app; sourceTree = BUILT_PRODUCTS_DIR; };
		B2173BA7252B7864000FA911 /* AppDelegate.swift */ = {isa = PBXFileReference; lastKnownFileType = sourcecode.swift; path = AppDelegate.swift; sourceTree = "<group>"; };
		B2173BA9252B7864000FA911 /* SceneDelegate.swift */ = {isa = PBXFileReference; lastKnownFileType = sourcecode.swift; path = SceneDelegate.swift; sourceTree = "<group>"; };
		B2173BB0252B7866000FA911 /* Assets.xcassets */ = {isa = PBXFileReference; lastKnownFileType = folder.assetcatalog; path = Assets.xcassets; sourceTree = "<group>"; };
		B2173BB3252B7866000FA911 /* Base */ = {isa = PBXFileReference; lastKnownFileType = file.storyboard; name = Base; path = Base.lproj/LaunchScreen.storyboard; sourceTree = "<group>"; };
		B2173BB5252B7866000FA911 /* Info.plist */ = {isa = PBXFileReference; lastKnownFileType = text.plist.xml; path = Info.plist; sourceTree = "<group>"; };
		B2173BC2252B7E91000FA911 /* EB_Garamond */ = {isa = PBXFileReference; lastKnownFileType = folder; path = EB_Garamond; sourceTree = "<group>"; };
		B2173BC6252B7FDE000FA911 /* UIFonts+Extensions.swift */ = {isa = PBXFileReference; lastKnownFileType = sourcecode.swift; path = "UIFonts+Extensions.swift"; sourceTree = "<group>"; };
		B2173BCA252B8F14000FA911 /* AppInteractor.swift */ = {isa = PBXFileReference; lastKnownFileType = sourcecode.swift; path = AppInteractor.swift; sourceTree = "<group>"; };
		B2173BCD252B8FE0000FA911 /* AppCoordinator.swift */ = {isa = PBXFileReference; lastKnownFileType = sourcecode.swift; path = AppCoordinator.swift; sourceTree = "<group>"; };
		B2173BDC252B919A000FA911 /* DiscoverViewInput.swift */ = {isa = PBXFileReference; lastKnownFileType = sourcecode.swift; path = DiscoverViewInput.swift; sourceTree = "<group>"; };
		B2173BE0252B91AC000FA911 /* DiscoverViewController.swift */ = {isa = PBXFileReference; lastKnownFileType = sourcecode.swift; path = DiscoverViewController.swift; sourceTree = "<group>"; };
		B2173BE3252B91BE000FA911 /* DiscoverCollectionViewManager.swift */ = {isa = PBXFileReference; lastKnownFileType = sourcecode.swift; path = DiscoverCollectionViewManager.swift; sourceTree = "<group>"; };
		B2173BE6252B91E4000FA911 /* DiscoverPresenterProtocols.swift */ = {isa = PBXFileReference; lastKnownFileType = sourcecode.swift; path = DiscoverPresenterProtocols.swift; sourceTree = "<group>"; };
		B2173BE9252B9278000FA911 /* DiscoverPresenter.swift */ = {isa = PBXFileReference; lastKnownFileType = sourcecode.swift; path = DiscoverPresenter.swift; sourceTree = "<group>"; };
		B2173BEC252B92D0000FA911 /* DiscoverInteractorInput.swift */ = {isa = PBXFileReference; lastKnownFileType = sourcecode.swift; path = DiscoverInteractorInput.swift; sourceTree = "<group>"; };
		B2173BEF252B92DF000FA911 /* DiscoverInteractor.swift */ = {isa = PBXFileReference; lastKnownFileType = sourcecode.swift; path = DiscoverInteractor.swift; sourceTree = "<group>"; };
		B2173BF2252B92EF000FA911 /* DiscoverRouter.swift */ = {isa = PBXFileReference; lastKnownFileType = sourcecode.swift; path = DiscoverRouter.swift; sourceTree = "<group>"; };
		B2173BF5252B9308000FA911 /* DiscoverAssembly.swift */ = {isa = PBXFileReference; lastKnownFileType = sourcecode.swift; path = DiscoverAssembly.swift; sourceTree = "<group>"; };
		B2173BF8252B9A97000FA911 /* UIImages+Extensions.swift */ = {isa = PBXFileReference; lastKnownFileType = sourcecode.swift; path = "UIImages+Extensions.swift"; sourceTree = "<group>"; };
		B2173BFB252B9ED3000FA911 /* UIViewController+Extensions.swift */ = {isa = PBXFileReference; lastKnownFileType = sourcecode.swift; path = "UIViewController+Extensions.swift"; sourceTree = "<group>"; };
		B2173BFF252BA06A000FA911 /* BaseViewController.swift */ = {isa = PBXFileReference; lastKnownFileType = sourcecode.swift; path = BaseViewController.swift; sourceTree = "<group>"; };
		B2173C0E252BA81D000FA911 /* NetworkService.swift */ = {isa = PBXFileReference; lastKnownFileType = sourcecode.swift; path = NetworkService.swift; sourceTree = "<group>"; };
		B2173C11252BA8B2000FA911 /* ArticleEndPoints.swift */ = {isa = PBXFileReference; lastKnownFileType = sourcecode.swift; path = ArticleEndPoints.swift; sourceTree = "<group>"; };
		B2173C14252BA8EA000FA911 /* EndPointProtocol.swift */ = {isa = PBXFileReference; lastKnownFileType = sourcecode.swift; path = EndPointProtocol.swift; sourceTree = "<group>"; };
		B2173C1A252BBC5F000FA911 /* EBGaramond-SemiBold.ttf */ = {isa = PBXFileReference; lastKnownFileType = file; path = "EBGaramond-SemiBold.ttf"; sourceTree = "<group>"; };
		B2173C1B252BBC5F000FA911 /* EBGaramond-VariableFont_wght.ttf */ = {isa = PBXFileReference; lastKnownFileType = file; path = "EBGaramond-VariableFont_wght.ttf"; sourceTree = "<group>"; };
		B2173C1C252BBC5F000FA911 /* EBGaramond-ExtraBold.ttf */ = {isa = PBXFileReference; lastKnownFileType = file; path = "EBGaramond-ExtraBold.ttf"; sourceTree = "<group>"; };
		B2173C1D252BBC60000FA911 /* EBGaramond-Italic-VariableFont_wght.ttf */ = {isa = PBXFileReference; lastKnownFileType = file; path = "EBGaramond-Italic-VariableFont_wght.ttf"; sourceTree = "<group>"; };
		B2173C1E252BBC60000FA911 /* EBGaramond-BoldItalic.ttf */ = {isa = PBXFileReference; lastKnownFileType = file; path = "EBGaramond-BoldItalic.ttf"; sourceTree = "<group>"; };
		B2173C1F252BBC60000FA911 /* EBGaramond-Medium.ttf */ = {isa = PBXFileReference; lastKnownFileType = file; path = "EBGaramond-Medium.ttf"; sourceTree = "<group>"; };
		B2173C20252BBC60000FA911 /* EBGaramond-SemiBoldItalic.ttf */ = {isa = PBXFileReference; lastKnownFileType = file; path = "EBGaramond-SemiBoldItalic.ttf"; sourceTree = "<group>"; };
		B2173C21252BBC60000FA911 /* EBGaramond-MediumItalic.ttf */ = {isa = PBXFileReference; lastKnownFileType = file; path = "EBGaramond-MediumItalic.ttf"; sourceTree = "<group>"; };
		B2173C22252BBC60000FA911 /* EBGaramond-Regular.ttf */ = {isa = PBXFileReference; lastKnownFileType = file; path = "EBGaramond-Regular.ttf"; sourceTree = "<group>"; };
		B2173C23252BBC60000FA911 /* EBGaramond-ExtraBoldItalic.ttf */ = {isa = PBXFileReference; lastKnownFileType = file; path = "EBGaramond-ExtraBoldItalic.ttf"; sourceTree = "<group>"; };
		B2173C24252BBC60000FA911 /* EBGaramond-Italic.ttf */ = {isa = PBXFileReference; lastKnownFileType = file; path = "EBGaramond-Italic.ttf"; sourceTree = "<group>"; };
		B2173C25252BBC60000FA911 /* EBGaramond-Bold.ttf */ = {isa = PBXFileReference; lastKnownFileType = file; path = "EBGaramond-Bold.ttf"; sourceTree = "<group>"; };
		B2173C3E252BBD8C000FA911 /* Constants.swift */ = {isa = PBXFileReference; lastKnownFileType = sourcecode.swift; path = Constants.swift; sourceTree = "<group>"; };
		B2173C43252BC361000FA911 /* TopHeadlinesCollectionViewCell.swift */ = {isa = PBXFileReference; lastKnownFileType = sourcecode.swift; path = TopHeadlinesCollectionViewCell.swift; sourceTree = "<group>"; };
		B2173C47252BC505000FA911 /* ArticlesModel.swift */ = {isa = PBXFileReference; lastKnownFileType = sourcecode.swift; path = ArticlesModel.swift; sourceTree = "<group>"; };
		B2173C4A252BCE2A000FA911 /* UICollectionViewCell+Extensions.swift */ = {isa = PBXFileReference; lastKnownFileType = sourcecode.swift; path = "UICollectionViewCell+Extensions.swift"; sourceTree = "<group>"; };
		FADC0EEFE8129236896A1F5D /* Pods_Newsly.framework */ = {isa = PBXFileReference; explicitFileType = wrapper.framework; includeInIndex = 0; path = Pods_Newsly.framework; sourceTree = BUILT_PRODUCTS_DIR; };
/* End PBXFileReference section */

/* Begin PBXFrameworksBuildPhase section */
		B2173BA1252B7864000FA911 /* Frameworks */ = {
			isa = PBXFrameworksBuildPhase;
			buildActionMask = 2147483647;
			files = (
				FEC196E875ECBCD449BB6AF0 /* Pods_Newsly.framework in Frameworks */,
			);
			runOnlyForDeploymentPostprocessing = 0;
		};
/* End PBXFrameworksBuildPhase section */

/* Begin PBXGroup section */
		3187B681DD41E453645B3D34 /* Frameworks */ = {
			isa = PBXGroup;
			children = (
				FADC0EEFE8129236896A1F5D /* Pods_Newsly.framework */,
			);
			name = Frameworks;
			sourceTree = "<group>";
		};
		9B19BFE54FC32539C099CAFB /* Pods */ = {
			isa = PBXGroup;
			children = (
				3BA642893EBF286A5CE43FB7 /* Pods-Newsly.debug.xcconfig */,
				0048BEBD93DEE84F8860E2A2 /* Pods-Newsly.release.xcconfig */,
			);
			path = Pods;
			sourceTree = "<group>";
		};
		A932C0B8252CA5AB006F2960 /* Sources */ = {
			isa = PBXGroup;
			children = (
				A932C0C0252CA5CE006F2960 /* View */,
				A932C0BF252CA5CC006F2960 /* Managers */,
				A932C0BD252CA5C1006F2960 /* Presenter */,
				A932C0BC252CA5BF006F2960 /* Interactor */,
				A932C0BB252CA5BE006F2960 /* Router */,
				A932C0B9252CA5B4006F2960 /* Assembly */,
			);
			path = Sources;
			sourceTree = "<group>";
		};
		A932C0B9252CA5B4006F2960 /* Assembly */ = {
			isa = PBXGroup;
			children = (
				A932C0E1252CD970006F2960 /* SourcesAssembly.swift */,
			);
			path = Assembly;
			sourceTree = "<group>";
		};
		A932C0BB252CA5BE006F2960 /* Router */ = {
			isa = PBXGroup;
			children = (
				A932C0DE252CD94C006F2960 /* SourcesRouter.swift */,
			);
			path = Router;
			sourceTree = "<group>";
		};
		A932C0BC252CA5BF006F2960 /* Interactor */ = {
			isa = PBXGroup;
			children = (
				A932C0D4252CD7C3006F2960 /* SourcesInteractorInput.swift */,
				A932C0D7252CD7F7006F2960 /* SourcesInteractor.swift */,
			);
			path = Interactor;
			sourceTree = "<group>";
		};
		A932C0BD252CA5C1006F2960 /* Presenter */ = {
			isa = PBXGroup;
			children = (
				A932C0CE252CD61E006F2960 /* SourcesPresenterProtocols.swift */,
				A932C0D1252CD727006F2960 /* SourcesPresenter.swift */,
			);
			path = Presenter;
			sourceTree = "<group>";
		};
		A932C0BF252CA5CC006F2960 /* Managers */ = {
			isa = PBXGroup;
			children = (
				A932C0C8252CCD5B006F2960 /* SourcesTableViewManager.swift */,
			);
			path = Managers;
			sourceTree = "<group>";
		};
		A932C0C0252CA5CE006F2960 /* View */ = {
			isa = PBXGroup;
			children = (
				A932C0C1252CCD39006F2960 /* SourcesViewInput.swift */,
				A932C0C5252CCD43006F2960 /* SourcesViewController.swift */,
			);
			path = View;
			sourceTree = "<group>";
		};
		A932C0EA252CEC04006F2960 /* Search */ = {
			isa = PBXGroup;
			children = (
				A932C0EB252CECD4006F2960 /* View */,
				A932C0EE252CECE6006F2960 /* Managers */,
				A932C0EC252CECD8006F2960 /* Presenter */,
				A932C0ED252CECE2006F2960 /* Interactor */,
				A932C0EF252CECEC006F2960 /* Router */,
				A932C0F0252CECF1006F2960 /* Assembly */,
			);
			path = Search;
			sourceTree = "<group>";
		};
		A932C0EB252CECD4006F2960 /* View */ = {
			isa = PBXGroup;
			children = (
				A932C0F1252CEDFD006F2960 /* SearchViewInput.swift */,
				A932C0F5252CEE19006F2960 /* SearchViewController.swift */,
			);
			path = View;
			sourceTree = "<group>";
		};
		A932C0EC252CECD8006F2960 /* Presenter */ = {
			isa = PBXGroup;
			children = (
				A932C0FC252CEE62006F2960 /* SearchPresenterProtocols.swift */,
				A932C10E252CEFEA006F2960 /* SearchPresenter.swift */,
			);
			path = Presenter;
			sourceTree = "<group>";
		};
		A932C0ED252CECE2006F2960 /* Interactor */ = {
			isa = PBXGroup;
			children = (
				A932C0FF252CEED3006F2960 /* SearchInteractorInput.swift */,
				A932C103252CEEEF006F2960 /* SearchInteractor.swift */,
			);
			path = Interactor;
			sourceTree = "<group>";
		};
		A932C0EE252CECE6006F2960 /* Managers */ = {
			isa = PBXGroup;
			children = (
				A932C0F8252CEE35006F2960 /* SearchCollectionViewManager.swift */,
				A932C111252CF69F006F2960 /* SearchBarManager.swift */,
			);
			path = Managers;
			sourceTree = "<group>";
		};
		A932C0EF252CECEC006F2960 /* Router */ = {
			isa = PBXGroup;
			children = (
				A932C10A252CEF4C006F2960 /* SearchRouter.swift */,
			);
			path = Router;
			sourceTree = "<group>";
		};
		A932C0F0252CECF1006F2960 /* Assembly */ = {
			isa = PBXGroup;
			children = (
				A932C107252CEF42006F2960 /* SearchAssembly.swift */,
			);
			path = Assembly;
			sourceTree = "<group>";
		};
		B2173B9B252B7864000FA911 = {
			isa = PBXGroup;
			children = (
				B2173C3E252BBD8C000FA911 /* Constants.swift */,
				B2173BA6252B7864000FA911 /* Newsly */,
				B2173BA5252B7864000FA911 /* Products */,
				9B19BFE54FC32539C099CAFB /* Pods */,
				3187B681DD41E453645B3D34 /* Frameworks */,
			);
			sourceTree = "<group>";
		};
		B2173BA5252B7864000FA911 /* Products */ = {
			isa = PBXGroup;
			children = (
				B2173BA4252B7864000FA911 /* Newsly.app */,
			);
			name = Products;
			sourceTree = "<group>";
		};
		B2173BA6252B7864000FA911 /* Newsly */ = {
			isa = PBXGroup;
			children = (
				B2173C46252BC4A2000FA911 /* Entities */,
				B2173C0C252BA7FB000FA911 /* Services */,
				B2173BFE252BA054000FA911 /* Base */,
				B2173BC5252B7FC4000FA911 /* Extensions */,
				B2173BBF252B7902000FA911 /* App */,
				B2173BD0252B9096000FA911 /* Modules */,
				B2173BB0252B7866000FA911 /* Assets.xcassets */,
				B2173BC1252B7E7E000FA911 /* Fonts */,
				B2173BB2252B7866000FA911 /* LaunchScreen.storyboard */,
				B2173BB5252B7866000FA911 /* Info.plist */,
			);
			path = Newsly;
			sourceTree = "<group>";
		};
		B2173BBF252B7902000FA911 /* App */ = {
			isa = PBXGroup;
			children = (
				B2173BA7252B7864000FA911 /* AppDelegate.swift */,
				B2173BA9252B7864000FA911 /* SceneDelegate.swift */,
				B2173BCA252B8F14000FA911 /* AppInteractor.swift */,
				B2173BCD252B8FE0000FA911 /* AppCoordinator.swift */,
			);
			path = App;
			sourceTree = "<group>";
		};
		B2173BC1252B7E7E000FA911 /* Fonts */ = {
			isa = PBXGroup;
			children = (
				B2173C25252BBC60000FA911 /* EBGaramond-Bold.ttf */,
				B2173C1E252BBC60000FA911 /* EBGaramond-BoldItalic.ttf */,
				B2173C1C252BBC5F000FA911 /* EBGaramond-ExtraBold.ttf */,
				B2173C23252BBC60000FA911 /* EBGaramond-ExtraBoldItalic.ttf */,
				B2173C1D252BBC60000FA911 /* EBGaramond-Italic-VariableFont_wght.ttf */,
				B2173C24252BBC60000FA911 /* EBGaramond-Italic.ttf */,
				B2173C1F252BBC60000FA911 /* EBGaramond-Medium.ttf */,
				B2173C21252BBC60000FA911 /* EBGaramond-MediumItalic.ttf */,
				B2173C22252BBC60000FA911 /* EBGaramond-Regular.ttf */,
				B2173C1A252BBC5F000FA911 /* EBGaramond-SemiBold.ttf */,
				B2173C20252BBC60000FA911 /* EBGaramond-SemiBoldItalic.ttf */,
				B2173C1B252BBC5F000FA911 /* EBGaramond-VariableFont_wght.ttf */,
				B2173BC2252B7E91000FA911 /* EB_Garamond */,
			);
			path = Fonts;
			sourceTree = "<group>";
		};
		B2173BC5252B7FC4000FA911 /* Extensions */ = {
			isa = PBXGroup;
			children = (
				B2173BC6252B7FDE000FA911 /* UIFonts+Extensions.swift */,
				A932C0B4252CA23C006F2960 /* UIColors+Extensions.swift */,
				B2173BF8252B9A97000FA911 /* UIImages+Extensions.swift */,
				B2173BFB252B9ED3000FA911 /* UIViewController+Extensions.swift */,
				B2173C4A252BCE2A000FA911 /* UICollectionViewCell+Extensions.swift */,
				A932C0E7252CE7E4006F2960 /* UITableViewCell+Extensions.swift */,
			);
			path = Extensions;
			sourceTree = "<group>";
		};
		B2173BD0252B9096000FA911 /* Modules */ = {
			isa = PBXGroup;
			children = (
				A932C0EA252CEC04006F2960 /* Search */,
				A932C0B8252CA5AB006F2960 /* Sources */,
				B2173BD1252B90B3000FA911 /* Discover */,
			);
			path = Modules;
			sourceTree = "<group>";
		};
		B2173BD1252B90B3000FA911 /* Discover */ = {
			isa = PBXGroup;
			children = (
				B2173BD2252B90BF000FA911 /* View */,
				B2173BD4252B90D7000FA911 /* Managers */,
				B2173BD3252B90C8000FA911 /* Presenter */,
				B2173BD5252B90FC000FA911 /* Interactor */,
				B2173BD6252B910A000FA911 /* Router */,
				B2173BDB252B915E000FA911 /* Assembly */,
			);
			path = Discover;
			sourceTree = "<group>";
		};
		B2173BD2252B90BF000FA911 /* View */ = {
			isa = PBXGroup;
			children = (
				B2173BDC252B919A000FA911 /* DiscoverViewInput.swift */,
				B2173BE0252B91AC000FA911 /* DiscoverViewController.swift */,
			);
			path = View;
			sourceTree = "<group>";
		};
		B2173BD3252B90C8000FA911 /* Presenter */ = {
			isa = PBXGroup;
			children = (
				B2173BE6252B91E4000FA911 /* DiscoverPresenterProtocols.swift */,
				B2173BE9252B9278000FA911 /* DiscoverPresenter.swift */,
			);
			path = Presenter;
			sourceTree = "<group>";
		};
		B2173BD4252B90D7000FA911 /* Managers */ = {
			isa = PBXGroup;
			children = (
				B2173BE3252B91BE000FA911 /* DiscoverCollectionViewManager.swift */,
			);
			path = Managers;
			sourceTree = "<group>";
		};
		B2173BD5252B90FC000FA911 /* Interactor */ = {
			isa = PBXGroup;
			children = (
				B2173BEC252B92D0000FA911 /* DiscoverInteractorInput.swift */,
				B2173BEF252B92DF000FA911 /* DiscoverInteractor.swift */,
			);
			path = Interactor;
			sourceTree = "<group>";
		};
		B2173BD6252B910A000FA911 /* Router */ = {
			isa = PBXGroup;
			children = (
				B2173BF2252B92EF000FA911 /* DiscoverRouter.swift */,
			);
			path = Router;
			sourceTree = "<group>";
		};
		B2173BDB252B915E000FA911 /* Assembly */ = {
			isa = PBXGroup;
			children = (
				B2173BF5252B9308000FA911 /* DiscoverAssembly.swift */,
			);
			path = Assembly;
			sourceTree = "<group>";
		};
		B2173BFE252BA054000FA911 /* Base */ = {
			isa = PBXGroup;
			children = (
				B2173BFF252BA06A000FA911 /* BaseViewController.swift */,
				B2173C43252BC361000FA911 /* TopHeadlinesCollectionViewCell.swift */,
				A932C0E4252CDC07006F2960 /* SourcesTableViewCell.swift */,
				A932C114252CFCB7006F2960 /* SearchCollectionViewCell.swift */,
			);
			path = Base;
			sourceTree = "<group>";
		};
		B2173C0C252BA7FB000FA911 /* Services */ = {
			isa = PBXGroup;
			children = (
				B2173C0D252BA804000FA911 /* NetworkService */,
			);
			path = Services;
			sourceTree = "<group>";
		};
		B2173C0D252BA804000FA911 /* NetworkService */ = {
			isa = PBXGroup;
			children = (
				B2173C0E252BA81D000FA911 /* NetworkService.swift */,
				B2173C11252BA8B2000FA911 /* ArticleEndPoints.swift */,
				B2173C14252BA8EA000FA911 /* EndPointProtocol.swift */,
			);
			path = NetworkService;
			sourceTree = "<group>";
		};
		B2173C46252BC4A2000FA911 /* Entities */ = {
			isa = PBXGroup;
			children = (
				B2173C47252BC505000FA911 /* ArticlesModel.swift */,
				A932C0CB252CCE01006F2960 /* SourcesModel.swift */,
			);
			path = Entities;
			sourceTree = "<group>";
		};
/* End PBXGroup section */

/* Begin PBXNativeTarget section */
		B2173BA3252B7864000FA911 /* Newsly */ = {
			isa = PBXNativeTarget;
			buildConfigurationList = B2173BB8252B7866000FA911 /* Build configuration list for PBXNativeTarget "Newsly" */;
			buildPhases = (
				7308D51601C2462C3E9796E5 /* [CP] Check Pods Manifest.lock */,
				B2173BA0252B7864000FA911 /* Sources */,
				B2173BA1252B7864000FA911 /* Frameworks */,
				B2173BA2252B7864000FA911 /* Resources */,
				94674522B6BF53ED74B58946 /* [CP] Embed Pods Frameworks */,
			);
			buildRules = (
			);
			dependencies = (
			);
			name = Newsly;
			productName = Newsly;
			productReference = B2173BA4252B7864000FA911 /* Newsly.app */;
			productType = "com.apple.product-type.application";
		};
/* End PBXNativeTarget section */

/* Begin PBXProject section */
		B2173B9C252B7864000FA911 /* Project object */ = {
			isa = PBXProject;
			attributes = {
				LastSwiftUpdateCheck = 1200;
				LastUpgradeCheck = 1200;
				TargetAttributes = {
					B2173BA3252B7864000FA911 = {
						CreatedOnToolsVersion = 12.0.1;
					};
				};
			};
			buildConfigurationList = B2173B9F252B7864000FA911 /* Build configuration list for PBXProject "Newsly" */;
			compatibilityVersion = "Xcode 9.3";
			developmentRegion = en;
			hasScannedForEncodings = 0;
			knownRegions = (
				en,
				Base,
			);
			mainGroup = B2173B9B252B7864000FA911;
			productRefGroup = B2173BA5252B7864000FA911 /* Products */;
			projectDirPath = "";
			projectRoot = "";
			targets = (
				B2173BA3252B7864000FA911 /* Newsly */,
			);
		};
/* End PBXProject section */

/* Begin PBXResourcesBuildPhase section */
		B2173BA2252B7864000FA911 /* Resources */ = {
			isa = PBXResourcesBuildPhase;
			buildActionMask = 2147483647;
			files = (
				B2173C2C252BBC73000FA911 /* EBGaramond-ExtraBoldItalic.ttf in Resources */,
				B2173C30252BBC7A000FA911 /* EBGaramond-Italic.ttf in Resources */,
				B2173C2E252BBC76000FA911 /* EBGaramond-Italic-VariableFont_wght.ttf in Resources */,
				B2173BB4252B7866000FA911 /* LaunchScreen.storyboard in Resources */,
				B2173C26252BBC67000FA911 /* EBGaramond-Bold.ttf in Resources */,
				B2173C34252BBC80000FA911 /* EBGaramond-MediumItalic.ttf in Resources */,
				B2173C32252BBC7D000FA911 /* EBGaramond-Medium.ttf in Resources */,
				B2173C2A252BBC6F000FA911 /* EBGaramond-ExtraBold.ttf in Resources */,
				B2173C3C252BBC8D000FA911 /* EBGaramond-VariableFont_wght.ttf in Resources */,
				B2173BC3252B7E91000FA911 /* EB_Garamond in Resources */,
				B2173C36252BBC83000FA911 /* EBGaramond-Regular.ttf in Resources */,
				B2173C38252BBC86000FA911 /* EBGaramond-SemiBold.ttf in Resources */,
				B2173BB1252B7866000FA911 /* Assets.xcassets in Resources */,
				B2173C28252BBC6C000FA911 /* EBGaramond-BoldItalic.ttf in Resources */,
				B2173C3A252BBC8A000FA911 /* EBGaramond-SemiBoldItalic.ttf in Resources */,
			);
			runOnlyForDeploymentPostprocessing = 0;
		};
/* End PBXResourcesBuildPhase section */

/* Begin PBXShellScriptBuildPhase section */
		7308D51601C2462C3E9796E5 /* [CP] Check Pods Manifest.lock */ = {
			isa = PBXShellScriptBuildPhase;
			buildActionMask = 2147483647;
			files = (
			);
			inputFileListPaths = (
			);
			inputPaths = (
				"${PODS_PODFILE_DIR_PATH}/Podfile.lock",
				"${PODS_ROOT}/Manifest.lock",
			);
			name = "[CP] Check Pods Manifest.lock";
			outputFileListPaths = (
			);
			outputPaths = (
				"$(DERIVED_FILE_DIR)/Pods-Newsly-checkManifestLockResult.txt",
			);
			runOnlyForDeploymentPostprocessing = 0;
			shellPath = /bin/sh;
			shellScript = "diff \"${PODS_PODFILE_DIR_PATH}/Podfile.lock\" \"${PODS_ROOT}/Manifest.lock\" > /dev/null\nif [ $? != 0 ] ; then\n    # print error to STDERR\n    echo \"error: The sandbox is not in sync with the Podfile.lock. Run 'pod install' or update your CocoaPods installation.\" >&2\n    exit 1\nfi\n# This output is used by Xcode 'outputs' to avoid re-running this script phase.\necho \"SUCCESS\" > \"${SCRIPT_OUTPUT_FILE_0}\"\n";
			showEnvVarsInLog = 0;
		};
		94674522B6BF53ED74B58946 /* [CP] Embed Pods Frameworks */ = {
			isa = PBXShellScriptBuildPhase;
			buildActionMask = 2147483647;
			files = (
			);
			inputFileListPaths = (
				"${PODS_ROOT}/Target Support Files/Pods-Newsly/Pods-Newsly-frameworks-${CONFIGURATION}-input-files.xcfilelist",
			);
			name = "[CP] Embed Pods Frameworks";
			outputFileListPaths = (
				"${PODS_ROOT}/Target Support Files/Pods-Newsly/Pods-Newsly-frameworks-${CONFIGURATION}-output-files.xcfilelist",
			);
			runOnlyForDeploymentPostprocessing = 0;
			shellPath = /bin/sh;
			shellScript = "\"${PODS_ROOT}/Target Support Files/Pods-Newsly/Pods-Newsly-frameworks.sh\"\n";
			showEnvVarsInLog = 0;
		};
/* End PBXShellScriptBuildPhase section */

/* Begin PBXSourcesBuildPhase section */
		B2173BA0252B7864000FA911 /* Sources */ = {
			isa = PBXSourcesBuildPhase;
			buildActionMask = 2147483647;
			files = (
				B2173BA8252B7864000FA911 /* AppDelegate.swift in Sources */,
				B2173C3F252BBD8C000FA911 /* Constants.swift in Sources */,
				A932C10F252CEFEA006F2960 /* SearchPresenter.swift in Sources */,
				A932C0C6252CCD43006F2960 /* SourcesViewController.swift in Sources */,
				A932C0DF252CD94C006F2960 /* SourcesRouter.swift in Sources */,
				A932C0F9252CEE35006F2960 /* SearchCollectionViewManager.swift in Sources */,
				B2173BED252B92D0000FA911 /* DiscoverInteractorInput.swift in Sources */,
				B2173BAA252B7864000FA911 /* SceneDelegate.swift in Sources */,
				B2173C12252BA8B2000FA911 /* ArticleEndPoints.swift in Sources */,
				A932C0D5252CD7C3006F2960 /* SourcesInteractorInput.swift in Sources */,
				A932C0E5252CDC07006F2960 /* SourcesTableViewCell.swift in Sources */,
				B2173BE1252B91AC000FA911 /* DiscoverViewController.swift in Sources */,
				B2173C0F252BA81D000FA911 /* NetworkService.swift in Sources */,
				B2173BF6252B9308000FA911 /* DiscoverAssembly.swift in Sources */,
				A932C0E2252CD970006F2960 /* SourcesAssembly.swift in Sources */,
				B2173C48252BC505000FA911 /* ArticlesModel.swift in Sources */,
				B2173BDD252B919A000FA911 /* DiscoverViewInput.swift in Sources */,
				B2173BF3252B92EF000FA911 /* DiscoverRouter.swift in Sources */,
				B2173C44252BC361000FA911 /* TopHeadlinesCollectionViewCell.swift in Sources */,
				B2173C00252BA06A000FA911 /* BaseViewController.swift in Sources */,
				A932C0D8252CD7F7006F2960 /* SourcesInteractor.swift in Sources */,
				B2173BCE252B8FE0000FA911 /* AppCoordinator.swift in Sources */,
				A932C10B252CEF4C006F2960 /* SearchRouter.swift in Sources */,
				A932C100252CEED3006F2960 /* SearchInteractorInput.swift in Sources */,
				B2173BEA252B9278000FA911 /* DiscoverPresenter.swift in Sources */,
				A932C0F6252CEE19006F2960 /* SearchViewController.swift in Sources */,
				A932C0B5252CA23D006F2960 /* UIColors+Extensions.swift in Sources */,
				A932C108252CEF42006F2960 /* SearchAssembly.swift in Sources */,
				B2173C15252BA8EA000FA911 /* EndPointProtocol.swift in Sources */,
				B2173C4B252BCE2A000FA911 /* UICollectionViewCell+Extensions.swift in Sources */,
				A932C0CF252CD61E006F2960 /* SourcesPresenterProtocols.swift in Sources */,
				B2173BF9252B9A97000FA911 /* UIImages+Extensions.swift in Sources */,
				B2173BCB252B8F14000FA911 /* AppInteractor.swift in Sources */,
				B2173BE7252B91E4000FA911 /* DiscoverPresenterProtocols.swift in Sources */,
				A932C112252CF69F006F2960 /* SearchBarManager.swift in Sources */,
				A932C0D2252CD727006F2960 /* SourcesPresenter.swift in Sources */,
				A932C0CC252CCE01006F2960 /* SourcesModel.swift in Sources */,
				A932C0FD252CEE62006F2960 /* SearchPresenterProtocols.swift in Sources */,
				A932C115252CFCB7006F2960 /* SearchCollectionViewCell.swift in Sources */,
				A932C0E8252CE7E4006F2960 /* UITableViewCell+Extensions.swift in Sources */,
				A932C0C9252CCD5B006F2960 /* SourcesTableViewManager.swift in Sources */,
				B2173BFC252B9ED3000FA911 /* UIViewController+Extensions.swift in Sources */,
				A932C0F2252CEDFD006F2960 /* SearchViewInput.swift in Sources */,
				A932C104252CEEEF006F2960 /* SearchInteractor.swift in Sources */,
				B2173BF0252B92DF000FA911 /* DiscoverInteractor.swift in Sources */,
				B2173BC7252B7FDE000FA911 /* UIFonts+Extensions.swift in Sources */,
				A932C0C2252CCD39006F2960 /* SourcesViewInput.swift in Sources */,
				B2173BE4252B91BE000FA911 /* DiscoverCollectionViewManager.swift in Sources */,
			);
			runOnlyForDeploymentPostprocessing = 0;
		};
/* End PBXSourcesBuildPhase section */

/* Begin PBXVariantGroup section */
		B2173BB2252B7866000FA911 /* LaunchScreen.storyboard */ = {
			isa = PBXVariantGroup;
			children = (
				B2173BB3252B7866000FA911 /* Base */,
			);
			name = LaunchScreen.storyboard;
			sourceTree = "<group>";
		};
/* End PBXVariantGroup section */

/* Begin XCBuildConfiguration section */
		B2173BB6252B7866000FA911 /* Debug */ = {
			isa = XCBuildConfiguration;
			buildSettings = {
				ALWAYS_SEARCH_USER_PATHS = NO;
				CLANG_ANALYZER_NONNULL = YES;
				CLANG_ANALYZER_NUMBER_OBJECT_CONVERSION = YES_AGGRESSIVE;
				CLANG_CXX_LANGUAGE_STANDARD = "gnu++14";
				CLANG_CXX_LIBRARY = "libc++";
				CLANG_ENABLE_MODULES = YES;
				CLANG_ENABLE_OBJC_ARC = YES;
				CLANG_ENABLE_OBJC_WEAK = YES;
				CLANG_WARN_BLOCK_CAPTURE_AUTORELEASING = YES;
				CLANG_WARN_BOOL_CONVERSION = YES;
				CLANG_WARN_COMMA = YES;
				CLANG_WARN_CONSTANT_CONVERSION = YES;
				CLANG_WARN_DEPRECATED_OBJC_IMPLEMENTATIONS = YES;
				CLANG_WARN_DIRECT_OBJC_ISA_USAGE = YES_ERROR;
				CLANG_WARN_DOCUMENTATION_COMMENTS = YES;
				CLANG_WARN_EMPTY_BODY = YES;
				CLANG_WARN_ENUM_CONVERSION = YES;
				CLANG_WARN_INFINITE_RECURSION = YES;
				CLANG_WARN_INT_CONVERSION = YES;
				CLANG_WARN_NON_LITERAL_NULL_CONVERSION = YES;
				CLANG_WARN_OBJC_IMPLICIT_RETAIN_SELF = YES;
				CLANG_WARN_OBJC_LITERAL_CONVERSION = YES;
				CLANG_WARN_OBJC_ROOT_CLASS = YES_ERROR;
				CLANG_WARN_QUOTED_INCLUDE_IN_FRAMEWORK_HEADER = YES;
				CLANG_WARN_RANGE_LOOP_ANALYSIS = YES;
				CLANG_WARN_STRICT_PROTOTYPES = YES;
				CLANG_WARN_SUSPICIOUS_MOVE = YES;
				CLANG_WARN_UNGUARDED_AVAILABILITY = YES_AGGRESSIVE;
				CLANG_WARN_UNREACHABLE_CODE = YES;
				CLANG_WARN__DUPLICATE_METHOD_MATCH = YES;
				COPY_PHASE_STRIP = NO;
				DEBUG_INFORMATION_FORMAT = dwarf;
				ENABLE_STRICT_OBJC_MSGSEND = YES;
				ENABLE_TESTABILITY = YES;
				GCC_C_LANGUAGE_STANDARD = gnu11;
				GCC_DYNAMIC_NO_PIC = NO;
				GCC_NO_COMMON_BLOCKS = YES;
				GCC_OPTIMIZATION_LEVEL = 0;
				GCC_PREPROCESSOR_DEFINITIONS = (
					"DEBUG=1",
					"$(inherited)",
				);
				GCC_WARN_64_TO_32_BIT_CONVERSION = YES;
				GCC_WARN_ABOUT_RETURN_TYPE = YES_ERROR;
				GCC_WARN_UNDECLARED_SELECTOR = YES;
				GCC_WARN_UNINITIALIZED_AUTOS = YES_AGGRESSIVE;
				GCC_WARN_UNUSED_FUNCTION = YES;
				GCC_WARN_UNUSED_VARIABLE = YES;
				IPHONEOS_DEPLOYMENT_TARGET = 14.0;
				MTL_ENABLE_DEBUG_INFO = INCLUDE_SOURCE;
				MTL_FAST_MATH = YES;
				ONLY_ACTIVE_ARCH = YES;
				SDKROOT = iphoneos;
				SWIFT_ACTIVE_COMPILATION_CONDITIONS = DEBUG;
				SWIFT_OPTIMIZATION_LEVEL = "-Onone";
			};
			name = Debug;
		};
		B2173BB7252B7866000FA911 /* Release */ = {
			isa = XCBuildConfiguration;
			buildSettings = {
				ALWAYS_SEARCH_USER_PATHS = NO;
				CLANG_ANALYZER_NONNULL = YES;
				CLANG_ANALYZER_NUMBER_OBJECT_CONVERSION = YES_AGGRESSIVE;
				CLANG_CXX_LANGUAGE_STANDARD = "gnu++14";
				CLANG_CXX_LIBRARY = "libc++";
				CLANG_ENABLE_MODULES = YES;
				CLANG_ENABLE_OBJC_ARC = YES;
				CLANG_ENABLE_OBJC_WEAK = YES;
				CLANG_WARN_BLOCK_CAPTURE_AUTORELEASING = YES;
				CLANG_WARN_BOOL_CONVERSION = YES;
				CLANG_WARN_COMMA = YES;
				CLANG_WARN_CONSTANT_CONVERSION = YES;
				CLANG_WARN_DEPRECATED_OBJC_IMPLEMENTATIONS = YES;
				CLANG_WARN_DIRECT_OBJC_ISA_USAGE = YES_ERROR;
				CLANG_WARN_DOCUMENTATION_COMMENTS = YES;
				CLANG_WARN_EMPTY_BODY = YES;
				CLANG_WARN_ENUM_CONVERSION = YES;
				CLANG_WARN_INFINITE_RECURSION = YES;
				CLANG_WARN_INT_CONVERSION = YES;
				CLANG_WARN_NON_LITERAL_NULL_CONVERSION = YES;
				CLANG_WARN_OBJC_IMPLICIT_RETAIN_SELF = YES;
				CLANG_WARN_OBJC_LITERAL_CONVERSION = YES;
				CLANG_WARN_OBJC_ROOT_CLASS = YES_ERROR;
				CLANG_WARN_QUOTED_INCLUDE_IN_FRAMEWORK_HEADER = YES;
				CLANG_WARN_RANGE_LOOP_ANALYSIS = YES;
				CLANG_WARN_STRICT_PROTOTYPES = YES;
				CLANG_WARN_SUSPICIOUS_MOVE = YES;
				CLANG_WARN_UNGUARDED_AVAILABILITY = YES_AGGRESSIVE;
				CLANG_WARN_UNREACHABLE_CODE = YES;
				CLANG_WARN__DUPLICATE_METHOD_MATCH = YES;
				COPY_PHASE_STRIP = NO;
				DEBUG_INFORMATION_FORMAT = "dwarf-with-dsym";
				ENABLE_NS_ASSERTIONS = NO;
				ENABLE_STRICT_OBJC_MSGSEND = YES;
				GCC_C_LANGUAGE_STANDARD = gnu11;
				GCC_NO_COMMON_BLOCKS = YES;
				GCC_WARN_64_TO_32_BIT_CONVERSION = YES;
				GCC_WARN_ABOUT_RETURN_TYPE = YES_ERROR;
				GCC_WARN_UNDECLARED_SELECTOR = YES;
				GCC_WARN_UNINITIALIZED_AUTOS = YES_AGGRESSIVE;
				GCC_WARN_UNUSED_FUNCTION = YES;
				GCC_WARN_UNUSED_VARIABLE = YES;
				IPHONEOS_DEPLOYMENT_TARGET = 14.0;
				MTL_ENABLE_DEBUG_INFO = NO;
				MTL_FAST_MATH = YES;
				SDKROOT = iphoneos;
				SWIFT_COMPILATION_MODE = wholemodule;
				SWIFT_OPTIMIZATION_LEVEL = "-O";
				VALIDATE_PRODUCT = YES;
			};
			name = Release;
		};
		B2173BB9252B7866000FA911 /* Debug */ = {
			isa = XCBuildConfiguration;
			baseConfigurationReference = 3BA642893EBF286A5CE43FB7 /* Pods-Newsly.debug.xcconfig */;
			buildSettings = {
				ASSETCATALOG_COMPILER_APPICON_NAME = AppIcon;
				ASSETCATALOG_COMPILER_GLOBAL_ACCENT_COLOR_NAME = AccentColor;
				CODE_SIGN_STYLE = Automatic;
				DEVELOPMENT_TEAM = QMSK8P2267;
				INFOPLIST_FILE = Newsly/Info.plist;
				LD_RUNPATH_SEARCH_PATHS = (
					"$(inherited)",
					"@executable_path/Frameworks",
				);
				PRODUCT_BUNDLE_IDENTIFIER = com.blazeapps.Newsly;
				PRODUCT_NAME = "$(TARGET_NAME)";
				SWIFT_VERSION = 5.0;
				TARGETED_DEVICE_FAMILY = "1,2";
			};
			name = Debug;
		};
		B2173BBA252B7866000FA911 /* Release */ = {
			isa = XCBuildConfiguration;
			baseConfigurationReference = 0048BEBD93DEE84F8860E2A2 /* Pods-Newsly.release.xcconfig */;
			buildSettings = {
				ASSETCATALOG_COMPILER_APPICON_NAME = AppIcon;
				ASSETCATALOG_COMPILER_GLOBAL_ACCENT_COLOR_NAME = AccentColor;
				CODE_SIGN_STYLE = Automatic;
				DEVELOPMENT_TEAM = QMSK8P2267;
				INFOPLIST_FILE = Newsly/Info.plist;
				LD_RUNPATH_SEARCH_PATHS = (
					"$(inherited)",
					"@executable_path/Frameworks",
				);
				PRODUCT_BUNDLE_IDENTIFIER = com.blazeapps.Newsly;
				PRODUCT_NAME = "$(TARGET_NAME)";
				SWIFT_VERSION = 5.0;
				TARGETED_DEVICE_FAMILY = "1,2";
			};
			name = Release;
		};
/* End XCBuildConfiguration section */

/* Begin XCConfigurationList section */
		B2173B9F252B7864000FA911 /* Build configuration list for PBXProject "Newsly" */ = {
			isa = XCConfigurationList;
			buildConfigurations = (
				B2173BB6252B7866000FA911 /* Debug */,
				B2173BB7252B7866000FA911 /* Release */,
			);
			defaultConfigurationIsVisible = 0;
			defaultConfigurationName = Release;
		};
		B2173BB8252B7866000FA911 /* Build configuration list for PBXNativeTarget "Newsly" */ = {
			isa = XCConfigurationList;
			buildConfigurations = (
				B2173BB9252B7866000FA911 /* Debug */,
				B2173BBA252B7866000FA911 /* Release */,
			);
			defaultConfigurationIsVisible = 0;
			defaultConfigurationName = Release;
		};
/* End XCConfigurationList section */
	};
	rootObject = B2173B9C252B7864000FA911 /* Project object */;
}
